[[package]]
name = "aho-corasick"
version = "0.6.4"
source = "registry+https://github.com/rust-lang/crates.io-index"
dependencies = [
 "memchr 2.0.1 (registry+https://github.com/rust-lang/crates.io-index)",
]

[[package]]
name = "arrayref"
version = "0.3.4"
source = "registry+https://github.com/rust-lang/crates.io-index"

[[package]]
name = "atty"
version = "0.2.8"
source = "registry+https://github.com/rust-lang/crates.io-index"
dependencies = [
 "libc 0.2.40 (registry+https://github.com/rust-lang/crates.io-index)",
 "termion 1.5.1 (registry+https://github.com/rust-lang/crates.io-index)",
 "winapi 0.3.4 (registry+https://github.com/rust-lang/crates.io-index)",
]

[[package]]
name = "base-x"
version = "0.2.2"
source = "registry+https://github.com/rust-lang/crates.io-index"

[[package]]
name = "base64"
version = "0.9.0"
source = "registry+https://github.com/rust-lang/crates.io-index"
dependencies = [
 "byteorder 1.2.2 (registry+https://github.com/rust-lang/crates.io-index)",
 "safemem 0.2.0 (registry+https://github.com/rust-lang/crates.io-index)",
]

[[package]]
name = "bitflags"
version = "1.0.1"
source = "registry+https://github.com/rust-lang/crates.io-index"

[[package]]
name = "block-buffer"
version = "0.3.3"
source = "registry+https://github.com/rust-lang/crates.io-index"
dependencies = [
 "arrayref 0.3.4 (registry+https://github.com/rust-lang/crates.io-index)",
 "byte-tools 0.2.0 (registry+https://github.com/rust-lang/crates.io-index)",
]

[[package]]
name = "byte-tools"
version = "0.2.0"
source = "registry+https://github.com/rust-lang/crates.io-index"

[[package]]
name = "byteorder"
version = "1.2.2"
source = "registry+https://github.com/rust-lang/crates.io-index"

[[package]]
name = "cc"
version = "1.0.9"
source = "registry+https://github.com/rust-lang/crates.io-index"

[[package]]
name = "cfg-if"
version = "0.1.2"
source = "registry+https://github.com/rust-lang/crates.io-index"

[[package]]
name = "clear_on_drop"
version = "0.2.3"
source = "registry+https://github.com/rust-lang/crates.io-index"
dependencies = [
 "cc 1.0.9 (registry+https://github.com/rust-lang/crates.io-index)",
]

[[package]]
name = "cloudabi"
version = "0.0.3"
source = "registry+https://github.com/rust-lang/crates.io-index"
dependencies = [
 "bitflags 1.0.1 (registry+https://github.com/rust-lang/crates.io-index)",
]

[[package]]
name = "curve25519-dalek"
version = "0.16.0"
source = "registry+https://github.com/rust-lang/crates.io-index"
dependencies = [
 "clear_on_drop 0.2.3 (registry+https://github.com/rust-lang/crates.io-index)",
 "digest 0.7.2 (registry+https://github.com/rust-lang/crates.io-index)",
 "generic-array 0.9.0 (registry+https://github.com/rust-lang/crates.io-index)",
 "rand 0.4.2 (registry+https://github.com/rust-lang/crates.io-index)",
 "subtle 0.6.0 (registry+https://github.com/rust-lang/crates.io-index)",
]

[[package]]
name = "digest"
version = "0.7.2"
source = "registry+https://github.com/rust-lang/crates.io-index"
dependencies = [
 "generic-array 0.9.0 (registry+https://github.com/rust-lang/crates.io-index)",
]

[[package]]
name = "docopt"
version = "0.8.3"
source = "registry+https://github.com/rust-lang/crates.io-index"
dependencies = [
 "lazy_static 1.0.0 (registry+https://github.com/rust-lang/crates.io-index)",
 "regex 0.2.10 (registry+https://github.com/rust-lang/crates.io-index)",
 "serde 1.0.37 (registry+https://github.com/rust-lang/crates.io-index)",
 "serde_derive 1.0.37 (registry+https://github.com/rust-lang/crates.io-index)",
 "strsim 0.6.0 (registry+https://github.com/rust-lang/crates.io-index)",
]

[[package]]
name = "dtoa"
version = "0.4.2"
source = "registry+https://github.com/rust-lang/crates.io-index"

[[package]]
name = "ed25519-dalek"
version = "0.6.2"
source = "git+https://github.com/cheme/ed25519-dalek.git#637c6aa80dd4c21c327ec4f48f1f0c09a4b05583"
dependencies = [
 "curve25519-dalek 0.16.0 (registry+https://github.com/rust-lang/crates.io-index)",
 "digest 0.7.2 (registry+https://github.com/rust-lang/crates.io-index)",
 "failure 0.1.1 (registry+https://github.com/rust-lang/crates.io-index)",
 "generic-array 0.9.0 (registry+https://github.com/rust-lang/crates.io-index)",
 "rand 0.4.2 (registry+https://github.com/rust-lang/crates.io-index)",
 "subtle 0.6.0 (registry+https://github.com/rust-lang/crates.io-index)",
]

[[package]]
name = "env_logger"
version = "0.5.6"
source = "registry+https://github.com/rust-lang/crates.io-index"
dependencies = [
 "atty 0.2.8 (registry+https://github.com/rust-lang/crates.io-index)",
 "humantime 1.1.1 (registry+https://github.com/rust-lang/crates.io-index)",
 "log 0.4.1 (registry+https://github.com/rust-lang/crates.io-index)",
 "regex 0.2.10 (registry+https://github.com/rust-lang/crates.io-index)",
 "termcolor 0.3.6 (registry+https://github.com/rust-lang/crates.io-index)",
]

[[package]]
name = "failure"
version = "0.1.1"
source = "registry+https://github.com/rust-lang/crates.io-index"

[[package]]
name = "fake-simd"
version = "0.1.2"
source = "registry+https://github.com/rust-lang/crates.io-index"

[[package]]
name = "foreign-types"
version = "0.3.2"
source = "registry+https://github.com/rust-lang/crates.io-index"
dependencies = [
 "foreign-types-shared 0.1.1 (registry+https://github.com/rust-lang/crates.io-index)",
]

[[package]]
name = "foreign-types-shared"
version = "0.1.1"
source = "registry+https://github.com/rust-lang/crates.io-index"

[[package]]
name = "fuchsia-zircon"
version = "0.3.3"
source = "registry+https://github.com/rust-lang/crates.io-index"
dependencies = [
 "bitflags 1.0.1 (registry+https://github.com/rust-lang/crates.io-index)",
 "fuchsia-zircon-sys 0.3.3 (registry+https://github.com/rust-lang/crates.io-index)",
]

[[package]]
name = "fuchsia-zircon-sys"
version = "0.3.3"
source = "registry+https://github.com/rust-lang/crates.io-index"

[[package]]
name = "futures"
version = "0.1.21"
source = "registry+https://github.com/rust-lang/crates.io-index"

[[package]]
name = "generic-array"
version = "0.9.0"
source = "registry+https://github.com/rust-lang/crates.io-index"
dependencies = [
 "typenum 1.10.0 (registry+https://github.com/rust-lang/crates.io-index)",
]

[[package]]
name = "humantime"
version = "1.1.1"
source = "registry+https://github.com/rust-lang/crates.io-index"
dependencies = [
 "quick-error 1.2.1 (registry+https://github.com/rust-lang/crates.io-index)",
]

[[package]]
name = "itoa"
version = "0.4.1"
source = "registry+https://github.com/rust-lang/crates.io-index"

[[package]]
name = "lazy_static"
version = "1.0.0"
source = "registry+https://github.com/rust-lang/crates.io-index"

[[package]]
name = "libc"
version = "0.2.40"
source = "registry+https://github.com/rust-lang/crates.io-index"

[[package]]
name = "log"
version = "0.4.1"
source = "registry+https://github.com/rust-lang/crates.io-index"
dependencies = [
 "cfg-if 0.1.2 (registry+https://github.com/rust-lang/crates.io-index)",
]

[[package]]
name = "memchr"
version = "2.0.1"
source = "registry+https://github.com/rust-lang/crates.io-index"
dependencies = [
 "libc 0.2.40 (registry+https://github.com/rust-lang/crates.io-index)",
]

[[package]]
name = "num-traits"
version = "0.2.2"
source = "registry+https://github.com/rust-lang/crates.io-index"

[[package]]
name = "openssl"
version = "0.10.5"
source = "registry+https://github.com/rust-lang/crates.io-index"
dependencies = [
 "bitflags 1.0.1 (registry+https://github.com/rust-lang/crates.io-index)",
 "foreign-types 0.3.2 (registry+https://github.com/rust-lang/crates.io-index)",
 "lazy_static 1.0.0 (registry+https://github.com/rust-lang/crates.io-index)",
 "libc 0.2.40 (registry+https://github.com/rust-lang/crates.io-index)",
 "openssl-sys 0.9.27 (registry+https://github.com/rust-lang/crates.io-index)",
]

[[package]]
name = "openssl-sys"
version = "0.9.27"
source = "registry+https://github.com/rust-lang/crates.io-index"
dependencies = [
 "cc 1.0.9 (registry+https://github.com/rust-lang/crates.io-index)",
 "libc 0.2.40 (registry+https://github.com/rust-lang/crates.io-index)",
 "pkg-config 0.3.9 (registry+https://github.com/rust-lang/crates.io-index)",
 "vcpkg 0.2.2 (registry+https://github.com/rust-lang/crates.io-index)",
]

[[package]]
name = "pkg-config"
version = "0.3.9"
source = "registry+https://github.com/rust-lang/crates.io-index"

[[package]]
name = "proc-macro2"
version = "0.2.3"
source = "registry+https://github.com/rust-lang/crates.io-index"
dependencies = [
 "unicode-xid 0.1.0 (registry+https://github.com/rust-lang/crates.io-index)",
]

[[package]]
name = "proc-macro2"
version = "0.3.1"
source = "registry+https://github.com/rust-lang/crates.io-index"
dependencies = [
 "unicode-xid 0.1.0 (registry+https://github.com/rust-lang/crates.io-index)",
]

[[package]]
name = "quick-error"
version = "1.2.1"
source = "registry+https://github.com/rust-lang/crates.io-index"

[[package]]
name = "quote"
version = "0.4.2"
source = "registry+https://github.com/rust-lang/crates.io-index"
dependencies = [
 "proc-macro2 0.2.3 (registry+https://github.com/rust-lang/crates.io-index)",
]

[[package]]
name = "quote"
version = "0.5.1"
source = "registry+https://github.com/rust-lang/crates.io-index"
dependencies = [
 "proc-macro2 0.3.1 (registry+https://github.com/rust-lang/crates.io-index)",
]

[[package]]
name = "rand"
version = "0.4.2"
source = "registry+https://github.com/rust-lang/crates.io-index"
dependencies = [
 "fuchsia-zircon 0.3.3 (registry+https://github.com/rust-lang/crates.io-index)",
 "libc 0.2.40 (registry+https://github.com/rust-lang/crates.io-index)",
 "winapi 0.3.4 (registry+https://github.com/rust-lang/crates.io-index)",
]

[[package]]
name = "rand"
version = "0.5.0-pre.0"
source = "registry+https://github.com/rust-lang/crates.io-index"
dependencies = [
 "cloudabi 0.0.3 (registry+https://github.com/rust-lang/crates.io-index)",
 "fuchsia-zircon 0.3.3 (registry+https://github.com/rust-lang/crates.io-index)",
 "libc 0.2.40 (registry+https://github.com/rust-lang/crates.io-index)",
 "rand_core 0.1.0-pre.0 (registry+https://github.com/rust-lang/crates.io-index)",
 "stdweb 0.4.2 (registry+https://github.com/rust-lang/crates.io-index)",
 "winapi 0.3.4 (registry+https://github.com/rust-lang/crates.io-index)",
]

[[package]]
name = "rand42_proxy"
version = "0.1.0"
dependencies = [
 "rand 0.4.2 (registry+https://github.com/rust-lang/crates.io-index)",
]

[[package]]
name = "rand_core"
version = "0.1.0-pre.0"
source = "registry+https://github.com/rust-lang/crates.io-index"

[[package]]
name = "redox_syscall"
version = "0.1.37"
source = "registry+https://github.com/rust-lang/crates.io-index"

[[package]]
name = "redox_termios"
version = "0.1.1"
source = "registry+https://github.com/rust-lang/crates.io-index"
dependencies = [
 "redox_syscall 0.1.37 (registry+https://github.com/rust-lang/crates.io-index)",
]

[[package]]
name = "regex"
version = "0.2.10"
source = "registry+https://github.com/rust-lang/crates.io-index"
dependencies = [
 "aho-corasick 0.6.4 (registry+https://github.com/rust-lang/crates.io-index)",
 "memchr 2.0.1 (registry+https://github.com/rust-lang/crates.io-index)",
 "regex-syntax 0.5.3 (registry+https://github.com/rust-lang/crates.io-index)",
 "thread_local 0.3.5 (registry+https://github.com/rust-lang/crates.io-index)",
 "utf8-ranges 1.0.0 (registry+https://github.com/rust-lang/crates.io-index)",
]

[[package]]
name = "regex-syntax"
version = "0.5.3"
source = "registry+https://github.com/rust-lang/crates.io-index"
dependencies = [
 "ucd-util 0.1.1 (registry+https://github.com/rust-lang/crates.io-index)",
]

[[package]]
name = "ripemd160"
version = "0.7.0"
source = "registry+https://github.com/rust-lang/crates.io-index"
dependencies = [
 "block-buffer 0.3.3 (registry+https://github.com/rust-lang/crates.io-index)",
 "byte-tools 0.2.0 (registry+https://github.com/rust-lang/crates.io-index)",
 "digest 0.7.2 (registry+https://github.com/rust-lang/crates.io-index)",
]

[[package]]
name = "safemem"
version = "0.2.0"
source = "registry+https://github.com/rust-lang/crates.io-index"

[[package]]
name = "serde"
version = "1.0.37"
source = "registry+https://github.com/rust-lang/crates.io-index"

[[package]]
name = "serde_derive"
version = "1.0.37"
source = "registry+https://github.com/rust-lang/crates.io-index"
dependencies = [
 "proc-macro2 0.3.1 (registry+https://github.com/rust-lang/crates.io-index)",
 "quote 0.5.1 (registry+https://github.com/rust-lang/crates.io-index)",
 "serde_derive_internals 0.23.0 (registry+https://github.com/rust-lang/crates.io-index)",
 "syn 0.13.1 (registry+https://github.com/rust-lang/crates.io-index)",
]

[[package]]
name = "serde_derive_internals"
version = "0.23.0"
source = "registry+https://github.com/rust-lang/crates.io-index"
dependencies = [
 "proc-macro2 0.3.1 (registry+https://github.com/rust-lang/crates.io-index)",
 "syn 0.13.1 (registry+https://github.com/rust-lang/crates.io-index)",
]

[[package]]
name = "serde_json"
version = "1.0.13"
source = "registry+https://github.com/rust-lang/crates.io-index"
dependencies = [
 "dtoa 0.4.2 (registry+https://github.com/rust-lang/crates.io-index)",
 "itoa 0.4.1 (registry+https://github.com/rust-lang/crates.io-index)",
 "num-traits 0.2.2 (registry+https://github.com/rust-lang/crates.io-index)",
 "serde 1.0.37 (registry+https://github.com/rust-lang/crates.io-index)",
]

[[package]]
name = "sha2"
version = "0.7.0"
source = "registry+https://github.com/rust-lang/crates.io-index"
dependencies = [
 "block-buffer 0.3.3 (registry+https://github.com/rust-lang/crates.io-index)",
 "byte-tools 0.2.0 (registry+https://github.com/rust-lang/crates.io-index)",
 "digest 0.7.2 (registry+https://github.com/rust-lang/crates.io-index)",
 "fake-simd 0.1.2 (registry+https://github.com/rust-lang/crates.io-index)",
]

[[package]]
name = "stdweb"
version = "0.4.2"
source = "registry+https://github.com/rust-lang/crates.io-index"
dependencies = [
 "futures 0.1.21 (registry+https://github.com/rust-lang/crates.io-index)",
 "serde 1.0.37 (registry+https://github.com/rust-lang/crates.io-index)",
 "serde_json 1.0.13 (registry+https://github.com/rust-lang/crates.io-index)",
 "stdweb-derive 0.4.0 (registry+https://github.com/rust-lang/crates.io-index)",
 "stdweb-internal-macros 0.1.0 (registry+https://github.com/rust-lang/crates.io-index)",
]

[[package]]
name = "stdweb-derive"
version = "0.4.0"
source = "registry+https://github.com/rust-lang/crates.io-index"
dependencies = [
 "quote 0.4.2 (registry+https://github.com/rust-lang/crates.io-index)",
 "serde 1.0.37 (registry+https://github.com/rust-lang/crates.io-index)",
 "serde_derive 1.0.37 (registry+https://github.com/rust-lang/crates.io-index)",
 "syn 0.12.15 (registry+https://github.com/rust-lang/crates.io-index)",
]

[[package]]
name = "stdweb-internal-macros"
version = "0.1.0"
source = "registry+https://github.com/rust-lang/crates.io-index"
dependencies = [
 "base-x 0.2.2 (registry+https://github.com/rust-lang/crates.io-index)",
 "quote 0.4.2 (registry+https://github.com/rust-lang/crates.io-index)",
 "serde 1.0.37 (registry+https://github.com/rust-lang/crates.io-index)",
 "serde_derive 1.0.37 (registry+https://github.com/rust-lang/crates.io-index)",
 "serde_json 1.0.13 (registry+https://github.com/rust-lang/crates.io-index)",
 "syn 0.12.15 (registry+https://github.com/rust-lang/crates.io-index)",
]

[[package]]
name = "striple"
version = "0.0.1"
dependencies = [
 "base64 0.9.0 (registry+https://github.com/rust-lang/crates.io-index)",
 "digest 0.7.2 (registry+https://github.com/rust-lang/crates.io-index)",
 "docopt 0.8.3 (registry+https://github.com/rust-lang/crates.io-index)",
 "ed25519-dalek 0.6.2 (git+https://github.com/cheme/ed25519-dalek.git)",
 "env_logger 0.5.6 (registry+https://github.com/rust-lang/crates.io-index)",
 "lazy_static 1.0.0 (registry+https://github.com/rust-lang/crates.io-index)",
 "libc 0.2.40 (registry+https://github.com/rust-lang/crates.io-index)",
 "log 0.4.1 (registry+https://github.com/rust-lang/crates.io-index)",
 "openssl 0.10.5 (registry+https://github.com/rust-lang/crates.io-index)",
 "rand 0.5.0-pre.0 (registry+https://github.com/rust-lang/crates.io-index)",
 "rand42_proxy 0.1.0",
 "ripemd160 0.7.0 (registry+https://github.com/rust-lang/crates.io-index)",
 "serde 1.0.37 (registry+https://github.com/rust-lang/crates.io-index)",
 "serde_derive 1.0.37 (registry+https://github.com/rust-lang/crates.io-index)",
 "sha2 0.7.0 (registry+https://github.com/rust-lang/crates.io-index)",
 "stdweb 0.4.2 (registry+https://github.com/rust-lang/crates.io-index)",
 "uuid 0.6.2 (registry+https://github.com/rust-lang/crates.io-index)",
]

[[package]]
name = "strsim"
version = "0.6.0"
source = "registry+https://github.com/rust-lang/crates.io-index"

[[package]]
name = "subtle"
version = "0.6.0"
source = "registry+https://github.com/rust-lang/crates.io-index"

[[package]]
name = "syn"
version = "0.12.15"
source = "registry+https://github.com/rust-lang/crates.io-index"
dependencies = [
 "proc-macro2 0.2.3 (registry+https://github.com/rust-lang/crates.io-index)",
 "quote 0.4.2 (registry+https://github.com/rust-lang/crates.io-index)",
 "unicode-xid 0.1.0 (registry+https://github.com/rust-lang/crates.io-index)",
]

[[package]]
name = "syn"
version = "0.13.1"
source = "registry+https://github.com/rust-lang/crates.io-index"
dependencies = [
 "proc-macro2 0.3.1 (registry+https://github.com/rust-lang/crates.io-index)",
 "quote 0.5.1 (registry+https://github.com/rust-lang/crates.io-index)",
 "unicode-xid 0.1.0 (registry+https://github.com/rust-lang/crates.io-index)",
]

[[package]]
name = "termcolor"
version = "0.3.6"
source = "registry+https://github.com/rust-lang/crates.io-index"
dependencies = [
 "wincolor 0.1.6 (registry+https://github.com/rust-lang/crates.io-index)",
]

[[package]]
name = "termion"
version = "1.5.1"
source = "registry+https://github.com/rust-lang/crates.io-index"
dependencies = [
 "libc 0.2.40 (registry+https://github.com/rust-lang/crates.io-index)",
 "redox_syscall 0.1.37 (registry+https://github.com/rust-lang/crates.io-index)",
 "redox_termios 0.1.1 (registry+https://github.com/rust-lang/crates.io-index)",
]

[[package]]
name = "thread_local"
version = "0.3.5"
source = "registry+https://github.com/rust-lang/crates.io-index"
dependencies = [
 "lazy_static 1.0.0 (registry+https://github.com/rust-lang/crates.io-index)",
 "unreachable 1.0.0 (registry+https://github.com/rust-lang/crates.io-index)",
]

[[package]]
name = "typenum"
version = "1.10.0"
source = "registry+https://github.com/rust-lang/crates.io-index"

[[package]]
name = "ucd-util"
version = "0.1.1"
source = "registry+https://github.com/rust-lang/crates.io-index"

[[package]]
name = "unicode-xid"
version = "0.1.0"
source = "registry+https://github.com/rust-lang/crates.io-index"

[[package]]
name = "unreachable"
version = "1.0.0"
source = "registry+https://github.com/rust-lang/crates.io-index"
dependencies = [
 "void 1.0.2 (registry+https://github.com/rust-lang/crates.io-index)",
]

[[package]]
name = "utf8-ranges"
version = "1.0.0"
source = "registry+https://github.com/rust-lang/crates.io-index"

[[package]]
name = "uuid"
version = "0.6.2"
source = "registry+https://github.com/rust-lang/crates.io-index"
dependencies = [
 "cfg-if 0.1.2 (registry+https://github.com/rust-lang/crates.io-index)",
 "rand 0.4.2 (registry+https://github.com/rust-lang/crates.io-index)",
]

[[package]]
name = "vcpkg"
version = "0.2.2"
source = "registry+https://github.com/rust-lang/crates.io-index"

[[package]]
name = "void"
version = "1.0.2"
source = "registry+https://github.com/rust-lang/crates.io-index"

[[package]]
name = "winapi"
version = "0.3.4"
source = "registry+https://github.com/rust-lang/crates.io-index"
dependencies = [
 "winapi-i686-pc-windows-gnu 0.4.0 (registry+https://github.com/rust-lang/crates.io-index)",
 "winapi-x86_64-pc-windows-gnu 0.4.0 (registry+https://github.com/rust-lang/crates.io-index)",
]

[[package]]
name = "winapi-i686-pc-windows-gnu"
version = "0.4.0"
source = "registry+https://github.com/rust-lang/crates.io-index"

[[package]]
name = "winapi-x86_64-pc-windows-gnu"
version = "0.4.0"
source = "registry+https://github.com/rust-lang/crates.io-index"

[[package]]
name = "wincolor"
version = "0.1.6"
source = "registry+https://github.com/rust-lang/crates.io-index"
dependencies = [
 "winapi 0.3.4 (registry+https://github.com/rust-lang/crates.io-index)",
]

[metadata]
"checksum aho-corasick 0.6.4 (registry+https://github.com/rust-lang/crates.io-index)" = "d6531d44de723825aa81398a6415283229725a00fa30713812ab9323faa82fc4"
"checksum arrayref 0.3.4 (registry+https://github.com/rust-lang/crates.io-index)" = "0fd1479b7c29641adbd35ff3b5c293922d696a92f25c8c975da3e0acbc87258f"
"checksum atty 0.2.8 (registry+https://github.com/rust-lang/crates.io-index)" = "af80143d6f7608d746df1520709e5d141c96f240b0e62b0aa41bdfb53374d9d4"
"checksum base-x 0.2.2 (registry+https://github.com/rust-lang/crates.io-index)" = "2f59103b47307f76e03bef1633aec7fa9e29bfb5aa6daf5a334f94233c71f6c1"
"checksum base64 0.9.0 (registry+https://github.com/rust-lang/crates.io-index)" = "229d032f1a99302697f10b27167ae6d03d49d032e6a8e2550e8d3fc13356d2b4"
"checksum bitflags 1.0.1 (registry+https://github.com/rust-lang/crates.io-index)" = "b3c30d3802dfb7281680d6285f2ccdaa8c2d8fee41f93805dba5c4cf50dc23cf"
"checksum block-buffer 0.3.3 (registry+https://github.com/rust-lang/crates.io-index)" = "a076c298b9ecdb530ed9d967e74a6027d6a7478924520acddcddc24c1c8ab3ab"
"checksum byte-tools 0.2.0 (registry+https://github.com/rust-lang/crates.io-index)" = "560c32574a12a89ecd91f5e742165893f86e3ab98d21f8ea548658eb9eef5f40"
"checksum byteorder 1.2.2 (registry+https://github.com/rust-lang/crates.io-index)" = "73b5bdfe7ee3ad0b99c9801d58807a9dbc9e09196365b0203853b99889ab3c87"
"checksum cc 1.0.9 (registry+https://github.com/rust-lang/crates.io-index)" = "2b4911e4bdcb4100c7680e7e854ff38e23f1b34d4d9e079efae3da2801341ffc"
"checksum cfg-if 0.1.2 (registry+https://github.com/rust-lang/crates.io-index)" = "d4c819a1287eb618df47cc647173c5c4c66ba19d888a6e50d605672aed3140de"
"checksum clear_on_drop 0.2.3 (registry+https://github.com/rust-lang/crates.io-index)" = "97276801e127ffb46b66ce23f35cc96bd454fa311294bced4bbace7baa8b1d17"
"checksum cloudabi 0.0.3 (registry+https://github.com/rust-lang/crates.io-index)" = "ddfc5b9aa5d4507acaf872de71051dfd0e309860e88966e1051e462a077aac4f"
"checksum curve25519-dalek 0.16.0 (registry+https://github.com/rust-lang/crates.io-index)" = "8aabc5251ac418680a952561fcce656baae42d354f6e9cfc03ab2be91a6e24cd"
"checksum digest 0.7.2 (registry+https://github.com/rust-lang/crates.io-index)" = "00a49051fef47a72c9623101b19bd71924a45cca838826caae3eaa4d00772603"
"checksum docopt 0.8.3 (registry+https://github.com/rust-lang/crates.io-index)" = "d8acd393692c503b168471874953a2531df0e9ab77d0b6bbc582395743300a4a"
"checksum dtoa 0.4.2 (registry+https://github.com/rust-lang/crates.io-index)" = "09c3753c3db574d215cba4ea76018483895d7bff25a31b49ba45db21c48e50ab"
"checksum ed25519-dalek 0.6.2 (git+https://github.com/cheme/ed25519-dalek.git)" = "<none>"
"checksum env_logger 0.5.6 (registry+https://github.com/rust-lang/crates.io-index)" = "0561146661ae44c579e993456bc76d11ce1e0c7d745e57b2fa7146b6e49fa2ad"
"checksum failure 0.1.1 (registry+https://github.com/rust-lang/crates.io-index)" = "934799b6c1de475a012a02dab0ace1ace43789ee4b99bcfbf1a2e3e8ced5de82"
"checksum fake-simd 0.1.2 (registry+https://github.com/rust-lang/crates.io-index)" = "e88a8acf291dafb59c2d96e8f59828f3838bb1a70398823ade51a84de6a6deed"
"checksum foreign-types 0.3.2 (registry+https://github.com/rust-lang/crates.io-index)" = "f6f339eb8adc052cd2ca78910fda869aefa38d22d5cb648e6485e4d3fc06f3b1"
"checksum foreign-types-shared 0.1.1 (registry+https://github.com/rust-lang/crates.io-index)" = "00b0228411908ca8685dba7fc2cdd70ec9990a6e753e89b6ac91a84c40fbaf4b"
"checksum fuchsia-zircon 0.3.3 (registry+https://github.com/rust-lang/crates.io-index)" = "2e9763c69ebaae630ba35f74888db465e49e259ba1bc0eda7d06f4a067615d82"
"checksum fuchsia-zircon-sys 0.3.3 (registry+https://github.com/rust-lang/crates.io-index)" = "3dcaa9ae7725d12cdb85b3ad99a434db70b468c09ded17e012d86b5c1010f7a7"
"checksum futures 0.1.21 (registry+https://github.com/rust-lang/crates.io-index)" = "1a70b146671de62ec8c8ed572219ca5d594d9b06c0b364d5e67b722fc559b48c"
"checksum generic-array 0.9.0 (registry+https://github.com/rust-lang/crates.io-index)" = "ef25c5683767570c2bbd7deba372926a55eaae9982d7726ee2a1050239d45b9d"
"checksum humantime 1.1.1 (registry+https://github.com/rust-lang/crates.io-index)" = "0484fda3e7007f2a4a0d9c3a703ca38c71c54c55602ce4660c419fd32e188c9e"
"checksum itoa 0.4.1 (registry+https://github.com/rust-lang/crates.io-index)" = "c069bbec61e1ca5a596166e55dfe4773ff745c3d16b700013bcaff9a6df2c682"
"checksum lazy_static 1.0.0 (registry+https://github.com/rust-lang/crates.io-index)" = "c8f31047daa365f19be14b47c29df4f7c3b581832407daabe6ae77397619237d"
"checksum libc 0.2.40 (registry+https://github.com/rust-lang/crates.io-index)" = "6fd41f331ac7c5b8ac259b8bf82c75c0fb2e469bbf37d2becbba9a6a2221965b"
"checksum log 0.4.1 (registry+https://github.com/rust-lang/crates.io-index)" = "89f010e843f2b1a31dbd316b3b8d443758bc634bed37aabade59c686d644e0a2"
"checksum memchr 2.0.1 (registry+https://github.com/rust-lang/crates.io-index)" = "796fba70e76612589ed2ce7f45282f5af869e0fdd7cc6199fa1aa1f1d591ba9d"
"checksum num-traits 0.2.2 (registry+https://github.com/rust-lang/crates.io-index)" = "dee092fcdf725aee04dd7da1d21debff559237d49ef1cb3e69bcb8ece44c7364"
"checksum openssl 0.10.5 (registry+https://github.com/rust-lang/crates.io-index)" = "1636c9f1d78af9cbcc50e523bfff4a30274108aad5e86761afd4d31e4e184fa7"
"checksum openssl-sys 0.9.27 (registry+https://github.com/rust-lang/crates.io-index)" = "d6fdc5c4a02e69ce65046f1763a0181107038e02176233acb0b3351d7cc588f9"
"checksum pkg-config 0.3.9 (registry+https://github.com/rust-lang/crates.io-index)" = "3a8b4c6b8165cd1a1cd4b9b120978131389f64bdaf456435caa41e630edba903"
"checksum proc-macro2 0.2.3 (registry+https://github.com/rust-lang/crates.io-index)" = "cd07deb3c6d1d9ff827999c7f9b04cdfd66b1b17ae508e14fe47b620f2282ae0"
"checksum proc-macro2 0.3.1 (registry+https://github.com/rust-lang/crates.io-index)" = "388d7ea47318c5ccdeb9ba6312cee7d3f65dd2804be8580a170fce410d50b786"
"checksum quick-error 1.2.1 (registry+https://github.com/rust-lang/crates.io-index)" = "eda5fe9b71976e62bc81b781206aaa076401769b2143379d3eb2118388babac4"
"checksum quote 0.4.2 (registry+https://github.com/rust-lang/crates.io-index)" = "1eca14c727ad12702eb4b6bfb5a232287dcf8385cb8ca83a3eeaf6519c44c408"
"checksum quote 0.5.1 (registry+https://github.com/rust-lang/crates.io-index)" = "7b0ff51282f28dc1b53fd154298feaa2e77c5ea0dba68e1fd8b03b72fbe13d2a"
"checksum rand 0.4.2 (registry+https://github.com/rust-lang/crates.io-index)" = "eba5f8cb59cc50ed56be8880a5c7b496bfd9bd26394e176bc67884094145c2c5"
"checksum rand 0.5.0-pre.0 (registry+https://github.com/rust-lang/crates.io-index)" = "bdabe8654fc412303409a9ddb23cd8878cd54b1f0a7112b6cc95eb9fe684f3f1"
"checksum rand_core 0.1.0-pre.0 (registry+https://github.com/rust-lang/crates.io-index)" = "2362a41734390a5953cfbf12dbb74b4573137f7ba9dad344bba804ea4355f23a"
"checksum redox_syscall 0.1.37 (registry+https://github.com/rust-lang/crates.io-index)" = "0d92eecebad22b767915e4d529f89f28ee96dbbf5a4810d2b844373f136417fd"
"checksum redox_termios 0.1.1 (registry+https://github.com/rust-lang/crates.io-index)" = "7e891cfe48e9100a70a3b6eb652fef28920c117d366339687bd5576160db0f76"
"checksum regex 0.2.10 (registry+https://github.com/rust-lang/crates.io-index)" = "aec3f58d903a7d2a9dc2bf0e41a746f4530e0cab6b615494e058f67a3ef947fb"
"checksum regex-syntax 0.5.3 (registry+https://github.com/rust-lang/crates.io-index)" = "b2550876c31dc914696a6c2e01cbce8afba79a93c8ae979d2fe051c0230b3756"
"checksum ripemd160 0.7.0 (registry+https://github.com/rust-lang/crates.io-index)" = "482aa56cc68aaeccdaaff1cc5a72c247da8bbad3beb174ca5741f274c22883fb"
"checksum safemem 0.2.0 (registry+https://github.com/rust-lang/crates.io-index)" = "e27a8b19b835f7aea908818e871f5cc3a5a186550c30773be987e155e8163d8f"
"checksum serde 1.0.37 (registry+https://github.com/rust-lang/crates.io-index)" = "d3bcee660dcde8f52c3765dd9ca5ee36b4bf35470a738eb0bd5a8752b0389645"
"checksum serde_derive 1.0.37 (registry+https://github.com/rust-lang/crates.io-index)" = "f1711ab8b208541fa8de00425f6a577d90f27bb60724d2bb5fd911314af9668f"
"checksum serde_derive_internals 0.23.0 (registry+https://github.com/rust-lang/crates.io-index)" = "89b340a48245bc03ddba31d0ff1709c118df90edc6adabaca4aac77aea181cce"
"checksum serde_json 1.0.13 (registry+https://github.com/rust-lang/crates.io-index)" = "5c508584d9913df116b91505eec55610a2f5b16e9ed793c46e4d0152872b3e74"
"checksum sha2 0.7.0 (registry+https://github.com/rust-lang/crates.io-index)" = "7daca11f2fdb8559c4f6c588386bed5e2ad4b6605c1442935a7f08144a918688"
"checksum stdweb 0.4.2 (registry+https://github.com/rust-lang/crates.io-index)" = "d439538520bfe257b1fc2eeaa06b08dc4b56eee120b9d482c221f4bd267c9710"
"checksum stdweb-derive 0.4.0 (registry+https://github.com/rust-lang/crates.io-index)" = "6aa46e9b38ea028a8a327ae6db35a486ace3eb834f5600bb3b6a71c0b6b1bd4b"
"checksum stdweb-internal-macros 0.1.0 (registry+https://github.com/rust-lang/crates.io-index)" = "b0bb3289dfd46bba44d80ed47a9b3d4c43bf6c1d7931b29e2fa86bd6697ccf59"
"checksum strsim 0.6.0 (registry+https://github.com/rust-lang/crates.io-index)" = "b4d15c810519a91cf877e7e36e63fe068815c678181439f2f29e2562147c3694"
"checksum subtle 0.6.0 (registry+https://github.com/rust-lang/crates.io-index)" = "4d576f6233d08b2e09705c9da79b9813014a4aa96977a4e52e247c695e3b1254"
"checksum syn 0.12.15 (registry+https://github.com/rust-lang/crates.io-index)" = "c97c05b8ebc34ddd6b967994d5c6e9852fa92f8b82b3858c39451f97346dcce5"
"checksum syn 0.13.1 (registry+https://github.com/rust-lang/crates.io-index)" = "91b52877572087400e83d24b9178488541e3d535259e04ff17a63df1e5ceff59"
"checksum termcolor 0.3.6 (registry+https://github.com/rust-lang/crates.io-index)" = "adc4587ead41bf016f11af03e55a624c06568b5a19db4e90fde573d805074f83"
"checksum termion 1.5.1 (registry+https://github.com/rust-lang/crates.io-index)" = "689a3bdfaab439fd92bc87df5c4c78417d3cbe537487274e9b0b2dce76e92096"
"checksum thread_local 0.3.5 (registry+https://github.com/rust-lang/crates.io-index)" = "279ef31c19ededf577bfd12dfae728040a21f635b06a24cd670ff510edd38963"
"checksum typenum 1.10.0 (registry+https://github.com/rust-lang/crates.io-index)" = "612d636f949607bdf9b123b4a6f6d966dedf3ff669f7f045890d3a4a73948169"
"checksum ucd-util 0.1.1 (registry+https://github.com/rust-lang/crates.io-index)" = "fd2be2d6639d0f8fe6cdda291ad456e23629558d466e2789d2c3e9892bda285d"
"checksum unicode-xid 0.1.0 (registry+https://github.com/rust-lang/crates.io-index)" = "fc72304796d0818e357ead4e000d19c9c174ab23dc11093ac919054d20a6a7fc"
"checksum unreachable 1.0.0 (registry+https://github.com/rust-lang/crates.io-index)" = "382810877fe448991dfc7f0dd6e3ae5d58088fd0ea5e35189655f84e6814fa56"
"checksum utf8-ranges 1.0.0 (registry+https://github.com/rust-lang/crates.io-index)" = "662fab6525a98beff2921d7f61a39e7d59e0b425ebc7d0d9e66d316e55124122"
"checksum uuid 0.6.2 (registry+https://github.com/rust-lang/crates.io-index)" = "d4670e1e935f7edd193a413f802e2ee52274aed62a09ccaab1656515c9c53a66"
"checksum vcpkg 0.2.2 (registry+https://github.com/rust-lang/crates.io-index)" = "9e0a7d8bed3178a8fb112199d466eeca9ed09a14ba8ad67718179b4fd5487d0b"
"checksum void 1.0.2 (registry+https://github.com/rust-lang/crates.io-index)" = "6a02e4885ed3bc0f2de90ea6dd45ebcbb66dacffe03547fadbb0eeae2770887d"
"checksum winapi 0.3.4 (registry+https://github.com/rust-lang/crates.io-index)" = "04e3bd221fcbe8a271359c04f21a76db7d0c6028862d1bb5512d85e1e2eb5bb3"
"checksum winapi-i686-pc-windows-gnu 0.4.0 (registry+https://github.com/rust-lang/crates.io-index)" = "ac3b87c63620426dd9b991e5ce0329eff545bccbbb34f3be09ff6fb6ab51b7b6"
"checksum winapi-x86_64-pc-windows-gnu 0.4.0 (registry+https://github.com/rust-lang/crates.io-index)" = "712e227841d057c1ee1cd2fb22fa7e5a5461ae8e48fa2ca79ec42cfc1931183f"
"checksum wincolor 0.1.6 (registry+https://github.com/rust-lang/crates.io-index)" = "eeb06499a3a4d44302791052df005d5232b927ed1a9658146d842165c4de7767"
